
Microsoft Visual Studio Solution File, Format Version 12.00
# Visual Studio Version 16
VisualStudioVersion = 16.0.30204.135
MinimumVisualStudioVersion = 10.0.40219.1
Project("{9A19103F-16F7-4668-BE54-9A1E7A4F7556}") = "KafkaProducer", "KafkaProducer\KafkaProducer.csproj", "{F212D5AE-0186-4976-A65A-3322B65F14BE}"
EndProject
Project("{9A19103F-16F7-4668-BE54-9A1E7A4F7556}") = "KafkaConsumer", "KafkaConsumer\KafkaConsumer.csproj", "{2B3E02BC-B070-4345-960A-8741CB7560FF}"
EndProject
Global
	GlobalSection(SolutionConfigurationPlatforms) = preSolution
		Debug|Any CPU = Debug|Any CPU
		Release|Any CPU = Release|Any CPU
	EndGlobalSection
	GlobalSection(ProjectConfigurationPlatforms) = postSolution
		{F212D5AE-0186-4976-A65A-3322B65F14BE}.Debug|Any CPU.ActiveCfg = Debug|Any CPU
		{F212D5AE-0186-4976-A65A-3322B65F14BE}.Debug|Any CPU.Build.0 = Debug|Any CPU
		{F212D5AE-0186-4976-A65A-3322B65F14BE}.Release|Any CPU.ActiveCfg = Release|Any CPU
		{F212D5AE-0186-4976-A65A-3322B65F14BE}.Release|Any CPU.Build.0 = Release|Any CPU
		{2B3E02BC-B070-4345-960A-8741CB7560FF}.Debug|Any CPU.ActiveCfg = Debug|Any CPU
		{2B3E02BC-B070-4345-960A-8741CB7560FF}.Debug|Any CPU.Build.0 = Debug|Any CPU
		{2B3E02BC-B070-4345-960A-8741CB7560FF}.Release|Any CPU.ActiveCfg = Release|Any CPU
		{2B3E02BC-B070-4345-960A-8741CB7560FF}.Release|Any CPU.Build.0 = Release|Any CPU
	EndGlobalSection
	GlobalSection(SolutionProperties) = preSolution
		HideSolutionNode = FALSE
	EndGlobalSection
	GlobalSection(ExtensibilityGlobals) = postSolution
		SolutionGuid = {D471B407-5E11-4E26-9CFE-DFA5DE07E9BE}
	EndGlobalSection
EndGlobal
